// !$*UTF8*$!
{
	archiveVersion = 1;
	classes = {
	};
	objectVersion = 46;
	objects = {

/* Begin PBXBuildFile section */
		F6E9D7AA1F080F3500AFA802 /* AppDelegate.swift in Sources */ = {isa = PBXBuildFile; fileRef = F6E9D7A91F080F3500AFA802 /* AppDelegate.swift */; };
		F6E9D7AC1F080F3500AFA802 /* ViewController.swift in Sources */ = {isa = PBXBuildFile; fileRef = F6E9D7AB1F080F3500AFA802 /* ViewController.swift */; };
		F6E9D7AF1F080F3500AFA802 /* Main.storyboard in Resources */ = {isa = PBXBuildFile; fileRef = F6E9D7AD1F080F3500AFA802 /* Main.storyboard */; };
		F6E9D7B11F080F3500AFA802 /* Assets.xcassets in Resources */ = {isa = PBXBuildFile; fileRef = F6E9D7B01F080F3500AFA802 /* Assets.xcassets */; };
		F6E9D7B41F080F3500AFA802 /* LaunchScreen.storyboard in Resources */ = {isa = PBXBuildFile; fileRef = F6E9D7B21F080F3500AFA802 /* LaunchScreen.storyboard */; };
		F6E9D7BF1F080F3500AFA802 /* NotificationsTests.swift in Sources */ = {isa = PBXBuildFile; fileRef = F6E9D7BE1F080F3500AFA802 /* NotificationsTests.swift */; };
		F6E9D7D21F08368200AFA802 /* UserNotifications.framework in Frameworks */ = {isa = PBXBuildFile; fileRef = F6E9D7D11F08368200AFA802 /* UserNotifications.framework */; };
		F6E9D7D41F08368200AFA802 /* UserNotificationsUI.framework in Frameworks */ = {isa = PBXBuildFile; fileRef = F6E9D7D31F08368200AFA802 /* UserNotificationsUI.framework */; };
		F6E9D7D71F08368200AFA802 /* NotificationViewController.swift in Sources */ = {isa = PBXBuildFile; fileRef = F6E9D7D61F08368200AFA802 /* NotificationViewController.swift */; };
		F6E9D7DA1F08368200AFA802 /* MainInterface.storyboard in Resources */ = {isa = PBXBuildFile; fileRef = F6E9D7D81F08368200AFA802 /* MainInterface.storyboard */; };
		F6E9D7DE1F08368200AFA802 /* MyContentExtension.appex in Embed App Extensions */ = {isa = PBXBuildFile; fileRef = F6E9D7CF1F08368200AFA802 /* MyContentExtension.appex */; settings = {ATTRIBUTES = (RemoveHeadersOnCopy, ); }; };
		F6E9D7E41F083D5700AFA802 /* buff.jpg in Resources */ = {isa = PBXBuildFile; fileRef = F6E9D7E31F083D5700AFA802 /* buff.jpg */; };
/* End PBXBuildFile section */

/* Begin PBXContainerItemProxy section */
		F6E9D7BB1F080F3500AFA802 /* PBXContainerItemProxy */ = {
			isa = PBXContainerItemProxy;
			containerPortal = F6E9D79E1F080F3500AFA802 /* Project object */;
			proxyType = 1;
			remoteGlobalIDString = F6E9D7A51F080F3500AFA802;
			remoteInfo = Notifications;
		};
		F6E9D7DC1F08368200AFA802 /* PBXContainerItemProxy */ = {
			isa = PBXContainerItemProxy;
			containerPortal = F6E9D79E1F080F3500AFA802 /* Project object */;
			proxyType = 1;
			remoteGlobalIDString = F6E9D7CE1F08368200AFA802;
			remoteInfo = MyContentExtension;
		};
/* End PBXContainerItemProxy section */

/* Begin PBXCopyFilesBuildPhase section */
		F6E9D7E21F08368200AFA802 /* Embed App Extensions */ = {
			isa = PBXCopyFilesBuildPhase;
			buildActionMask = 2147483647;
			dstPath = "";
			dstSubfolderSpec = 13;
			files = (
				F6E9D7DE1F08368200AFA802 /* MyContentExtension.appex in Embed App Extensions */,
			);
			name = "Embed App Extensions";
			runOnlyForDeploymentPostprocessing = 0;
		};
/* End PBXCopyFilesBuildPhase section */

/* Begin PBXFileReference section */
		F6E9D7A61F080F3500AFA802 /* Notifications.app */ = {isa = PBXFileReference; explicitFileType = wrapper.application; includeInIndex = 0; path = Notifications.app; sourceTree = BUILT_PRODUCTS_DIR; };
		F6E9D7A91F080F3500AFA802 /* AppDelegate.swift */ = {isa = PBXFileReference; lastKnownFileType = sourcecode.swift; path = AppDelegate.swift; sourceTree = "<group>"; };
		F6E9D7AB1F080F3500AFA802 /* ViewController.swift */ = {isa = PBXFileReference; lastKnownFileType = sourcecode.swift; path = ViewController.swift; sourceTree = "<group>"; };
		F6E9D7AE1F080F3500AFA802 /* Base */ = {isa = PBXFileReference; lastKnownFileType = file.storyboard; name = Base; path = Base.lproj/Main.storyboard; sourceTree = "<group>"; };
		F6E9D7B01F080F3500AFA802 /* Assets.xcassets */ = {isa = PBXFileReference; lastKnownFileType = folder.assetcatalog; path = Assets.xcassets; sourceTree = "<group>"; };
		F6E9D7B31F080F3500AFA802 /* Base */ = {isa = PBXFileReference; lastKnownFileType = file.storyboard; name = Base; path = Base.lproj/LaunchScreen.storyboard; sourceTree = "<group>"; };
		F6E9D7B51F080F3500AFA802 /* Info.plist */ = {isa = PBXFileReference; lastKnownFileType = text.plist.xml; path = Info.plist; sourceTree = "<group>"; };
		F6E9D7BA1F080F3500AFA802 /* NotificationsTests.xctest */ = {isa = PBXFileReference; explicitFileType = wrapper.cfbundle; includeInIndex = 0; path = NotificationsTests.xctest; sourceTree = BUILT_PRODUCTS_DIR; };
		F6E9D7BE1F080F3500AFA802 /* NotificationsTests.swift */ = {isa = PBXFileReference; lastKnownFileType = sourcecode.swift; path = NotificationsTests.swift; sourceTree = "<group>"; };
		F6E9D7C01F080F3500AFA802 /* Info.plist */ = {isa = PBXFileReference; lastKnownFileType = text.plist.xml; path = Info.plist; sourceTree = "<group>"; };
		F6E9D7CF1F08368200AFA802 /* MyContentExtension.appex */ = {isa = PBXFileReference; explicitFileType = "wrapper.app-extension"; includeInIndex = 0; path = MyContentExtension.appex; sourceTree = BUILT_PRODUCTS_DIR; };
		F6E9D7D11F08368200AFA802 /* UserNotifications.framework */ = {isa = PBXFileReference; lastKnownFileType = wrapper.framework; name = UserNotifications.framework; path = System/Library/Frameworks/UserNotifications.framework; sourceTree = SDKROOT; };
		F6E9D7D31F08368200AFA802 /* UserNotificationsUI.framework */ = {isa = PBXFileReference; lastKnownFileType = wrapper.framework; name = UserNotificationsUI.framework; path = System/Library/Frameworks/UserNotificationsUI.framework; sourceTree = SDKROOT; };
		F6E9D7D61F08368200AFA802 /* NotificationViewController.swift */ = {isa = PBXFileReference; lastKnownFileType = sourcecode.swift; path = NotificationViewController.swift; sourceTree = "<group>"; };
		F6E9D7D91F08368200AFA802 /* Base */ = {isa = PBXFileReference; lastKnownFileType = file.storyboard; name = Base; path = Base.lproj/MainInterface.storyboard; sourceTree = "<group>"; };
		F6E9D7DB1F08368200AFA802 /* Info.plist */ = {isa = PBXFileReference; lastKnownFileType = text.plist.xml; path = Info.plist; sourceTree = "<group>"; };
		F6E9D7E31F083D5700AFA802 /* buff.jpg */ = {isa = PBXFileReference; lastKnownFileType = image.jpeg; path = buff.jpg; sourceTree = "<group>"; };
/* End PBXFileReference section */

/* Begin PBXFrameworksBuildPhase section */
		F6E9D7A31F080F3500AFA802 /* Frameworks */ = {
			isa = PBXFrameworksBuildPhase;
			buildActionMask = 2147483647;
			files = (
			);
			runOnlyForDeploymentPostprocessing = 0;
		};
		F6E9D7B71F080F3500AFA802 /* Frameworks */ = {
			isa = PBXFrameworksBuildPhase;
			buildActionMask = 2147483647;
			files = (
			);
			runOnlyForDeploymentPostprocessing = 0;
		};
		F6E9D7CC1F08368200AFA802 /* Frameworks */ = {
			isa = PBXFrameworksBuildPhase;
			buildActionMask = 2147483647;
			files = (
				F6E9D7D41F08368200AFA802 /* UserNotificationsUI.framework in Frameworks */,
				F6E9D7D21F08368200AFA802 /* UserNotifications.framework in Frameworks */,
			);
			runOnlyForDeploymentPostprocessing = 0;
		};
/* End PBXFrameworksBuildPhase section */

/* Begin PBXGroup section */
		F6E9D79D1F080F3500AFA802 = {
			isa = PBXGroup;
			children = (
				F6E9D7A81F080F3500AFA802 /* Notifications */,
				F6E9D7D51F08368200AFA802 /* MyContentExtension */,
				F6E9D7BD1F080F3500AFA802 /* NotificationsTests */,
				F6E9D7D01F08368200AFA802 /* Frameworks */,
				F6E9D7A71F080F3500AFA802 /* Products */,
			);
			sourceTree = "<group>";
		};
		F6E9D7A71F080F3500AFA802 /* Products */ = {
			isa = PBXGroup;
			children = (
				F6E9D7A61F080F3500AFA802 /* Notifications.app */,
				F6E9D7BA1F080F3500AFA802 /* NotificationsTests.xctest */,
				F6E9D7CF1F08368200AFA802 /* MyContentExtension.appex */,
			);
			name = Products;
			sourceTree = "<group>";
		};
		F6E9D7A81F080F3500AFA802 /* Notifications */ = {
			isa = PBXGroup;
			children = (
				F6E9D7E31F083D5700AFA802 /* buff.jpg */,
				F6E9D7A91F080F3500AFA802 /* AppDelegate.swift */,
				F6E9D7AB1F080F3500AFA802 /* ViewController.swift */,
				F6E9D7AD1F080F3500AFA802 /* Main.storyboard */,
				F6E9D7B01F080F3500AFA802 /* Assets.xcassets */,
				F6E9D7B21F080F3500AFA802 /* LaunchScreen.storyboard */,
				F6E9D7B51F080F3500AFA802 /* Info.plist */,
			);
			path = Notifications;
			sourceTree = "<group>";
		};
		F6E9D7BD1F080F3500AFA802 /* NotificationsTests */ = {
			isa = PBXGroup;
			children = (
				F6E9D7BE1F080F3500AFA802 /* NotificationsTests.swift */,
				F6E9D7C01F080F3500AFA802 /* Info.plist */,
			);
			path = NotificationsTests;
			sourceTree = "<group>";
		};
		F6E9D7D01F08368200AFA802 /* Frameworks */ = {
			isa = PBXGroup;
			children = (
				F6E9D7D11F08368200AFA802 /* UserNotifications.framework */,
				F6E9D7D31F08368200AFA802 /* UserNotificationsUI.framework */,
			);
			name = Frameworks;
			sourceTree = "<group>";
		};
		F6E9D7D51F08368200AFA802 /* MyContentExtension */ = {
			isa = PBXGroup;
			children = (
				F6E9D7D61F08368200AFA802 /* NotificationViewController.swift */,
				F6E9D7D81F08368200AFA802 /* MainInterface.storyboard */,
				F6E9D7DB1F08368200AFA802 /* Info.plist */,
			);
			path = MyContentExtension;
			sourceTree = "<group>";
		};
/* End PBXGroup section */

/* Begin PBXNativeTarget section */
		F6E9D7A51F080F3500AFA802 /* Notifications */ = {
			isa = PBXNativeTarget;
			buildConfigurationList = F6E9D7C31F080F3500AFA802 /* Build configuration list for PBXNativeTarget "Notifications" */;
			buildPhases = (
				F6E9D7A21F080F3500AFA802 /* Sources */,
				F6E9D7A31F080F3500AFA802 /* Frameworks */,
				F6E9D7A41F080F3500AFA802 /* Resources */,
				F6E9D7E21F08368200AFA802 /* Embed App Extensions */,
			);
			buildRules = (
			);
			dependencies = (
				F6E9D7DD1F08368200AFA802 /* PBXTargetDependency */,
			);
			name = Notifications;
			productName = Notifications;
			productReference = F6E9D7A61F080F3500AFA802 /* Notifications.app */;
			productType = "com.apple.product-type.application";
		};
		F6E9D7B91F080F3500AFA802 /* NotificationsTests */ = {
			isa = PBXNativeTarget;
			buildConfigurationList = F6E9D7C61F080F3500AFA802 /* Build configuration list for PBXNativeTarget "NotificationsTests" */;
			buildPhases = (
				F6E9D7B61F080F3500AFA802 /* Sources */,
				F6E9D7B71F080F3500AFA802 /* Frameworks */,
				F6E9D7B81F080F3500AFA802 /* Resources */,
			);
			buildRules = (
			);
			dependencies = (
				F6E9D7BC1F080F3500AFA802 /* PBXTargetDependency */,
			);
			name = NotificationsTests;
			productName = NotificationsTests;
			productReference = F6E9D7BA1F080F3500AFA802 /* NotificationsTests.xctest */;
			productType = "com.apple.product-type.bundle.unit-test";
		};
		F6E9D7CE1F08368200AFA802 /* MyContentExtension */ = {
			isa = PBXNativeTarget;
			buildConfigurationList = F6E9D7DF1F08368200AFA802 /* Build configuration list for PBXNativeTarget "MyContentExtension" */;
			buildPhases = (
				F6E9D7CB1F08368200AFA802 /* Sources */,
				F6E9D7CC1F08368200AFA802 /* Frameworks */,
				F6E9D7CD1F08368200AFA802 /* Resources */,
			);
			buildRules = (
			);
			dependencies = (
			);
			name = MyContentExtension;
			productName = MyContentExtension;
			productReference = F6E9D7CF1F08368200AFA802 /* MyContentExtension.appex */;
			productType = "com.apple.product-type.app-extension";
		};
/* End PBXNativeTarget section */

/* Begin PBXProject section */
		F6E9D79E1F080F3500AFA802 /* Project object */ = {
			isa = PBXProject;
			attributes = {
				LastSwiftUpdateCheck = 0830;
				LastUpgradeCheck = 0830;
				ORGANIZATIONNAME = "Lane Faison";
				TargetAttributes = {
					F6E9D7A51F080F3500AFA802 = {
						CreatedOnToolsVersion = 8.3.3;
						DevelopmentTeam = 34KC4VR7Y2;
						ProvisioningStyle = Automatic;
					};
					F6E9D7B91F080F3500AFA802 = {
						CreatedOnToolsVersion = 8.3.3;
						DevelopmentTeam = 34KC4VR7Y2;
						ProvisioningStyle = Automatic;
						TestTargetID = F6E9D7A51F080F3500AFA802;
					};
					F6E9D7CE1F08368200AFA802 = {
						CreatedOnToolsVersion = 8.3.3;
						DevelopmentTeam = 34KC4VR7Y2;
						ProvisioningStyle = Automatic;
					};
				};
			};
			buildConfigurationList = F6E9D7A11F080F3500AFA802 /* Build configuration list for PBXProject "Notifications" */;
			compatibilityVersion = "Xcode 3.2";
			developmentRegion = English;
			hasScannedForEncodings = 0;
			knownRegions = (
				en,
				Base,
			);
			mainGroup = F6E9D79D1F080F3500AFA802;
			productRefGroup = F6E9D7A71F080F3500AFA802 /* Products */;
			projectDirPath = "";
			projectRoot = "";
			targets = (
				F6E9D7A51F080F3500AFA802 /* Notifications */,
				F6E9D7B91F080F3500AFA802 /* NotificationsTests */,
				F6E9D7CE1F08368200AFA802 /* MyContentExtension */,
			);
		};
/* End PBXProject section */

/* Begin PBXResourcesBuildPhase section */
		F6E9D7A41F080F3500AFA802 /* Resources */ = {
			isa = PBXResourcesBuildPhase;
			buildActionMask = 2147483647;
			files = (
				F6E9D7B41F080F3500AFA802 /* LaunchScreen.storyboard in Resources */,
				F6E9D7B11F080F3500AFA802 /* Assets.xcassets in Resources */,
				F6E9D7E41F083D5700AFA802 /* buff.jpg in Resources */,
				F6E9D7AF1F080F3500AFA802 /* Main.storyboard in Resources */,
			);
			runOnlyForDeploymentPostprocessing = 0;
		};
		F6E9D7B81F080F3500AFA802 /* Resources */ = {
			isa = PBXResourcesBuildPhase;
			buildActionMask = 2147483647;
			files = (
			);
			runOnlyForDeploymentPostprocessing = 0;
		};
		F6E9D7CD1F08368200AFA802 /* Resources */ = {
			isa = PBXResourcesBuildPhase;
			buildActionMask = 2147483647;
			files = (
				F6E9D7DA1F08368200AFA802 /* MainInterface.storyboard in Resources */,
			);
			runOnlyForDeploymentPostprocessing = 0;
		};
/* End PBXResourcesBuildPhase section */

/* Begin PBXSourcesBuildPhase section */
		F6E9D7A21F080F3500AFA802 /* Sources */ = {
			isa = PBXSourcesBuildPhase;
			buildActionMask = 2147483647;
			files = (
				F6E9D7AC1F080F3500AFA802 /* ViewController.swift in Sources */,
				F6E9D7AA1F080F3500AFA802 /* AppDelegate.swift in Sources */,
			);
			runOnlyForDeploymentPostprocessing = 0;
		};
		F6E9D7B61F080F3500AFA802 /* Sources */ = {
			isa = PBXSourcesBuildPhase;
			buildActionMask = 2147483647;
			files = (
				F6E9D7BF1F080F3500AFA802 /* NotificationsTests.swift in Sources */,
			);
			runOnlyForDeploymentPostprocessing = 0;
		};
		F6E9D7CB1F08368200AFA802 /* Sources */ = {
			isa = PBXSourcesBuildPhase;
			buildActionMask = 2147483647;
			files = (
				F6E9D7D71F08368200AFA802 /* NotificationViewController.swift in Sources */,
			);
			runOnlyForDeploymentPostprocessing = 0;
		};
/* End PBXSourcesBuildPhase section */

/* Begin PBXTargetDependency section */
		F6E9D7BC1F080F3500AFA802 /* PBXTargetDependency */ = {
			isa = PBXTargetDependency;
			target = F6E9D7A51F080F3500AFA802 /* Notifications */;
			targetProxy = F6E9D7BB1F080F3500AFA802 /* PBXContainerItemProxy */;
		};
		F6E9D7DD1F08368200AFA802 /* PBXTargetDependency */ = {
			isa = PBXTargetDependency;
			target = F6E9D7CE1F08368200AFA802 /* MyContentExtension */;
			targetProxy = F6E9D7DC1F08368200AFA802 /* PBXContainerItemProxy */;
		};
/* End PBXTargetDependency section */

/* Begin PBXVariantGroup section */
		F6E9D7AD1F080F3500AFA802 /* Main.storyboard */ = {
			isa = PBXVariantGroup;
			children = (
				F6E9D7AE1F080F3500AFA802 /* Base */,
			);
			name = Main.storyboard;
			sourceTree = "<group>";
		};
		F6E9D7B21F080F3500AFA802 /* LaunchScreen.storyboard */ = {
			isa = PBXVariantGroup;
			children = (
				F6E9D7B31F080F3500AFA802 /* Base */,
			);
			name = LaunchScreen.storyboard;
			sourceTree = "<group>";
		};
		F6E9D7D81F08368200AFA802 /* MainInterface.storyboard */ = {
			isa = PBXVariantGroup;
			children = (
				F6E9D7D91F08368200AFA802 /* Base */,
			);
			name = MainInterface.storyboard;
			sourceTree = "<group>";
		};
/* End PBXVariantGroup section */

/* Begin XCBuildConfiguration section */
		F6E9D7C11F080F3500AFA802 /* Debug */ = {
			isa = XCBuildConfiguration;
			buildSettings = {
				ALWAYS_SEARCH_USER_PATHS = NO;
				CLANG_ANALYZER_NONNULL = YES;
				CLANG_ANALYZER_NUMBER_OBJECT_CONVERSION = YES_AGGRESSIVE;
				CLANG_CXX_LANGUAGE_STANDARD = "gnu++0x";
				CLANG_CXX_LIBRARY = "libc++";
				CLANG_ENABLE_MODULES = YES;
				CLANG_ENABLE_OBJC_ARC = YES;
				CLANG_WARN_BOOL_CONVERSION = YES;
				CLANG_WARN_CONSTANT_CONVERSION = YES;
				CLANG_WARN_DIRECT_OBJC_ISA_USAGE = YES_ERROR;
				CLANG_WARN_DOCUMENTATION_COMMENTS = YES;
				CLANG_WARN_EMPTY_BODY = YES;
				CLANG_WARN_ENUM_CONVERSION = YES;
				CLANG_WARN_INFINITE_RECURSION = YES;
				CLANG_WARN_INT_CONVERSION = YES;
				CLANG_WARN_OBJC_ROOT_CLASS = YES_ERROR;
				CLANG_WARN_SUSPICIOUS_MOVE = YES;
				CLANG_WARN_UNREACHABLE_CODE = YES;
				CLANG_WARN__DUPLICATE_METHOD_MATCH = YES;
				"CODE_SIGN_IDENTITY[sdk=iphoneos*]" = "iPhone Developer";
				COPY_PHASE_STRIP = NO;
				DEBUG_INFORMATION_FORMAT = dwarf;
				ENABLE_STRICT_OBJC_MSGSEND = YES;
				ENABLE_TESTABILITY = YES;
				GCC_C_LANGUAGE_STANDARD = gnu99;
				GCC_DYNAMIC_NO_PIC = NO;
				GCC_NO_COMMON_BLOCKS = YES;
				GCC_OPTIMIZATION_LEVEL = 0;
				GCC_PREPROCESSOR_DEFINITIONS = (
					"DEBUG=1",
					"$(inherited)",
				);
				GCC_WARN_64_TO_32_BIT_CONVERSION = YES;
				GCC_WARN_ABOUT_RETURN_TYPE = YES_ERROR;
				GCC_WARN_UNDECLARED_SELECTOR = YES;
				GCC_WARN_UNINITIALIZED_AUTOS = YES_AGGRESSIVE;
				GCC_WARN_UNUSED_FUNCTION = YES;
				GCC_WARN_UNUSED_VARIABLE = YES;
				IPHONEOS_DEPLOYMENT_TARGET = 10.3;
				MTL_ENABLE_DEBUG_INFO = YES;
				ONLY_ACTIVE_ARCH = YES;
				SDKROOT = iphoneos;
				SWIFT_ACTIVE_COMPILATION_CONDITIONS = DEBUG;
				SWIFT_OPTIMIZATION_LEVEL = "-Onone";
			};
			name = Debug;
		};
		F6E9D7C21F080F3500AFA802 /* Release */ = {
			isa = XCBuildConfiguration;
			buildSettings = {
				ALWAYS_SEARCH_USER_PATHS = NO;
				CLANG_ANALYZER_NONNULL = YES;
				CLANG_ANALYZER_NUMBER_OBJECT_CONVERSION = YES_AGGRESSIVE;
				CLANG_CXX_LANGUAGE_STANDARD = "gnu++0x";
				CLANG_CXX_LIBRARY = "libc++";
				CLANG_ENABLE_MODULES = YES;
				CLANG_ENABLE_OBJC_ARC = YES;
				CLANG_WARN_BOOL_CONVERSION = YES;
				CLANG_WARN_CONSTANT_CONVERSION = YES;
				CLANG_WARN_DIRECT_OBJC_ISA_USAGE = YES_ERROR;
				CLANG_WARN_DOCUMENTATION_COMMENTS = YES;
				CLANG_WARN_EMPTY_BODY = YES;
				CLANG_WARN_ENUM_CONVERSION = YES;
				CLANG_WARN_INFINITE_RECURSION = YES;
				CLANG_WARN_INT_CONVERSION = YES;
				CLANG_WARN_OBJC_ROOT_CLASS = YES_ERROR;
				CLANG_WARN_SUSPICIOUS_MOVE = YES;
				CLANG_WARN_UNREACHABLE_CODE = YES;
				CLANG_WARN__DUPLICATE_METHOD_MATCH = YES;
				"CODE_SIGN_IDENTITY[sdk=iphoneos*]" = "iPhone Developer";
				COPY_PHASE_STRIP = NO;
				DEBUG_INFORMATION_FORMAT = "dwarf-with-dsym";
				ENABLE_NS_ASSERTIONS = NO;
				ENABLE_STRICT_OBJC_MSGSEND = YES;
				GCC_C_LANGUAGE_STANDARD = gnu99;
				GCC_NO_COMMON_BLOCKS = YES;
				GCC_WARN_64_TO_32_BIT_CONVERSION = YES;
				GCC_WARN_ABOUT_RETURN_TYPE = YES_ERROR;
				GCC_WARN_UNDECLARED_SELECTOR = YES;
				GCC_WARN_UNINITIALIZED_AUTOS = YES_AGGRESSIVE;
				GCC_WARN_UNUSED_FUNCTION = YES;
				GCC_WARN_UNUSED_VARIABLE = YES;
				IPHONEOS_DEPLOYMENT_TARGET = 10.3;
				MTL_ENABLE_DEBUG_INFO = NO;
				SDKROOT = iphoneos;
				SWIFT_OPTIMIZATION_LEVEL = "-Owholemodule";
				VALIDATE_PRODUCT = YES;
			};
			name = Release;
		};
		F6E9D7C41F080F3500AFA802 /* Debug */ = {
			isa = XCBuildConfiguration;
			buildSettings = {
				ALWAYS_EMBED_SWIFT_STANDARD_LIBRARIES = YES;
				ASSETCATALOG_COMPILER_APPICON_NAME = AppIcon;
				DEVELOPMENT_TEAM = 34KC4VR7Y2;
				INFOPLIST_FILE = Notifications/Info.plist;
				LD_RUNPATH_SEARCH_PATHS = "$(inherited) @executable_path/Frameworks";
				PRODUCT_BUNDLE_IDENTIFIER = com.lanefaison.Notifications;
				PRODUCT_NAME = "$(TARGET_NAME)";
				SWIFT_VERSION = 3.0;
			};
			name = Debug;
		};
		F6E9D7C51F080F3500AFA802 /* Release */ = {
			isa = XCBuildConfiguration;
			buildSettings = {
				ALWAYS_EMBED_SWIFT_STANDARD_LIBRARIES = YES;
				ASSETCATALOG_COMPILER_APPICON_NAME = AppIcon;
				DEVELOPMENT_TEAM = 34KC4VR7Y2;
				INFOPLIST_FILE = Notifications/Info.plist;
				LD_RUNPATH_SEARCH_PATHS = "$(inherited) @executable_path/Frameworks";
				PRODUCT_BUNDLE_IDENTIFIER = com.lanefaison.Notifications;
				PRODUCT_NAME = "$(TARGET_NAME)";
				SWIFT_VERSION = 3.0;
			};
			name = Release;
		};
		F6E9D7C71F080F3500AFA802 /* Debug */ = {
			isa = XCBuildConfiguration;
			buildSettings = {
				ALWAYS_EMBED_SWIFT_STANDARD_LIBRARIES = YES;
				BUNDLE_LOADER = "$(TEST_HOST)";
				DEVELOPMENT_TEAM = 34KC4VR7Y2;
				INFOPLIST_FILE = NotificationsTests/Info.plist;
				LD_RUNPATH_SEARCH_PATHS = "$(inherited) @executable_path/Frameworks @loader_path/Frameworks";
				PRODUCT_BUNDLE_IDENTIFIER = com.lanefaison.NotificationsTests;
				PRODUCT_NAME = "$(TARGET_NAME)";
				SWIFT_VERSION = 3.0;
				TEST_HOST = "$(BUILT_PRODUCTS_DIR)/Notifications.app/Notifications";
			};
			name = Debug;
		};
		F6E9D7C81F080F3500AFA802 /* Release */ = {
			isa = XCBuildConfiguration;
			buildSettings = {
				ALWAYS_EMBED_SWIFT_STANDARD_LIBRARIES = YES;
				BUNDLE_LOADER = "$(TEST_HOST)";
				DEVELOPMENT_TEAM = 34KC4VR7Y2;
				INFOPLIST_FILE = NotificationsTests/Info.plist;
				LD_RUNPATH_SEARCH_PATHS = "$(inherited) @executable_path/Frameworks @loader_path/Frameworks";
				PRODUCT_BUNDLE_IDENTIFIER = com.lanefaison.NotificationsTests;
				PRODUCT_NAME = "$(TARGET_NAME)";
				SWIFT_VERSION = 3.0;
				TEST_HOST = "$(BUILT_PRODUCTS_DIR)/Notifications.app/Notifications";
			};
			name = Release;
		};
		F6E9D7E01F08368200AFA802 /* Debug */ = {
			isa = XCBuildConfiguration;
			buildSettings = {
				DEVELOPMENT_TEAM = 34KC4VR7Y2;
				INFOPLIST_FILE = MyContentExtension/Info.plist;
				LD_RUNPATH_SEARCH_PATHS = "$(inherited) @executable_path/Frameworks @executable_path/../../Frameworks";
				PRODUCT_BUNDLE_IDENTIFIER = com.lanefaison.Notifications.MyContentExtension;
				PRODUCT_NAME = "$(TARGET_NAME)";
				SKIP_INSTALL = YES;
				SWIFT_VERSION = 3.0;
			};
			name = Debug;
		};
		F6E9D7E11F08368200AFA802 /* Release */ = {
			isa = XCBuildConfiguration;
			buildSettings = {
				DEVELOPMENT_TEAM = 34KC4VR7Y2;
				INFOPLIST_FILE = MyContentExtension/Info.plist;
				LD_RUNPATH_SEARCH_PATHS = "$(inherited) @executable_path/Frameworks @executable_path/../../Frameworks";
				PRODUCT_BUNDLE_IDENTIFIER = com.lanefaison.Notifications.MyContentExtension;
				PRODUCT_NAME = "$(TARGET_NAME)";
				SKIP_INSTALL = YES;
				SWIFT_VERSION = 3.0;
			};
			name = Release;
		};
/* End XCBuildConfiguration section */

/* Begin XCConfigurationList section */
		F6E9D7A11F080F3500AFA802 /* Build configuration list for PBXProject "Notifications" */ = {
			isa = XCConfigurationList;
			buildConfigurations = (
				F6E9D7C11F080F3500AFA802 /* Debug */,
				F6E9D7C21F080F3500AFA802 /* Release */,
			);
			defaultConfigurationIsVisible = 0;
			defaultConfigurationName = Release;
		};
		F6E9D7C31F080F3500AFA802 /* Build configuration list for PBXNativeTarget "Notifications" */ = {
			isa = XCConfigurationList;
			buildConfigurations = (
				F6E9D7C41F080F3500AFA802 /* Debug */,
				F6E9D7C51F080F3500AFA802 /* Release */,
			);
			defaultConfigurationIsVisible = 0;
		};
		F6E9D7C61F080F3500AFA802 /* Build configuration list for PBXNativeTarget "NotificationsTests" */ = {
			isa = XCConfigurationList;
			buildConfigurations = (
				F6E9D7C71F080F3500AFA802 /* Debug */,
				F6E9D7C81F080F3500AFA802 /* Release */,
			);
			defaultConfigurationIsVisible = 0;
		};
		F6E9D7DF1F08368200AFA802 /* Build configuration list for PBXNativeTarget "MyContentExtension" */ = {
			isa = XCConfigurationList;
			buildConfigurations = (
				F6E9D7E01F08368200AFA802 /* Debug */,
				F6E9D7E11F08368200AFA802 /* Release */,
			);
			defaultConfigurationIsVisible = 0;
		};
/* End XCConfigurationList section */
	};
	rootObject = F6E9D79E1F080F3500AFA802 /* Project object */;
}
